
Microsoft Visual Studio Solution File, Format Version 12.00
# Visual Studio Version 16
VisualStudioVersion = 16.0.31424.327
MinimumVisualStudioVersion = 10.0.40219.1
Project("{FAE04EC0-301F-11D3-BF4B-00C04F79EFBC}") = "3DPlotter", "3DPlotter\3DPlotter.csproj", "{1174B091-BECC-45D2-B08D-804E06DE15FC}"
EndProject
Global
	GlobalSection(SolutionConfigurationPlatforms) = preSolution
		Debug|Any CPU = Debug|Any CPU
		Release|Any CPU = Release|Any CPU
	EndGlobalSection
	GlobalSection(ProjectConfigurationPlatforms) = postSolution
		{1174B091-BECC-45D2-B08D-804E06DE15FC}.Debug|Any CPU.ActiveCfg = Debug|Any CPU
		{1174B091-BECC-45D2-B08D-804E06DE15FC}.Debug|Any CPU.Build.0 = Debug|Any CPU
		{1174B091-BECC-45D2-B08D-804E06DE15FC}.Release|Any CPU.ActiveCfg = Release|Any CPU
		{1174B091-BECC-45D2-B08D-804E06DE15FC}.Release|Any CPU.Build.0 = Release|Any CPU
	EndGlobalSection
	GlobalSection(SolutionProperties) = preSolution
		HideSolutionNode = FALSE
	EndGlobalSection
	GlobalSection(ExtensibilityGlobals) = postSolution
		SolutionGuid = {9D991BEA-F3BE-451A-9675-13360C77AC8F}
	EndGlobalSection
EndGlobal
